
Microsoft Visual Studio Solution File, Format Version 12.00
# Visual Studio 15
Project("{FAE04EC0-301F-11D3-BF4B-00C04F79EFBC}") = "Classification.Android", "Classification.Android\Classification.Android.csproj", "{60119F6D-36A3-4C10-B104-E7EB19B4AFDA}"
EndProject
Project("{FAE04EC0-301F-11D3-BF4B-00C04F79EFBC}") = "Classification.iOS", "Classification.iOS\Classification.iOS.csproj", "{0E378DA4-ABA8-48DA-A476-D1703663C5A8}"
EndProject
Project("{FAE04EC0-301F-11D3-BF4B-00C04F79EFBC}") = "Classification", "Classification\Classification.csproj", "{4AC6309D-7F88-406B-8C1B-E77F20C9FDA3}"
EndProject
Global
	GlobalSection(SolutionConfigurationPlatforms) = preSolution
		Debug|Any CPU = Debug|Any CPU
		Release|Any CPU = Release|Any CPU
		Debug|iPhoneSimulator = Debug|iPhoneSimulator
		Release|iPhoneSimulator = Release|iPhoneSimulator
		Debug|iPhone = Debug|iPhone
		Release|iPhone = Release|iPhone
	EndGlobalSection
	GlobalSection(ProjectConfigurationPlatforms) = postSolution
		{60119F6D-36A3-4C10-B104-E7EB19B4AFDA}.Debug|Any CPU.ActiveCfg = Debug|Any CPU
		{60119F6D-36A3-4C10-B104-E7EB19B4AFDA}.Debug|Any CPU.Build.0 = Debug|Any CPU
		{60119F6D-36A3-4C10-B104-E7EB19B4AFDA}.Release|Any CPU.ActiveCfg = Release|Any CPU
		{60119F6D-36A3-4C10-B104-E7EB19B4AFDA}.Release|Any CPU.Build.0 = Release|Any CPU
		{60119F6D-36A3-4C10-B104-E7EB19B4AFDA}.Debug|iPhoneSimulator.ActiveCfg = Debug|Any CPU
		{60119F6D-36A3-4C10-B104-E7EB19B4AFDA}.Debug|iPhoneSimulator.Build.0 = Debug|Any CPU
		{60119F6D-36A3-4C10-B104-E7EB19B4AFDA}.Release|iPhoneSimulator.ActiveCfg = Release|Any CPU
		{60119F6D-36A3-4C10-B104-E7EB19B4AFDA}.Release|iPhoneSimulator.Build.0 = Release|Any CPU
		{60119F6D-36A3-4C10-B104-E7EB19B4AFDA}.Debug|iPhone.ActiveCfg = Debug|Any CPU
		{60119F6D-36A3-4C10-B104-E7EB19B4AFDA}.Debug|iPhone.Build.0 = Debug|Any CPU
		{60119F6D-36A3-4C10-B104-E7EB19B4AFDA}.Release|iPhone.ActiveCfg = Release|Any CPU
		{60119F6D-36A3-4C10-B104-E7EB19B4AFDA}.Release|iPhone.Build.0 = Release|Any CPU
		{0E378DA4-ABA8-48DA-A476-D1703663C5A8}.Debug|Any CPU.ActiveCfg = Debug|iPhoneSimulator
		{0E378DA4-ABA8-48DA-A476-D1703663C5A8}.Debug|Any CPU.Build.0 = Debug|iPhoneSimulator
		{0E378DA4-ABA8-48DA-A476-D1703663C5A8}.Release|Any CPU.ActiveCfg = Release|iPhoneSimulator
		{0E378DA4-ABA8-48DA-A476-D1703663C5A8}.Release|Any CPU.Build.0 = Release|iPhoneSimulator
		{0E378DA4-ABA8-48DA-A476-D1703663C5A8}.Debug|iPhoneSimulator.ActiveCfg = Debug|iPhoneSimulator
		{0E378DA4-ABA8-48DA-A476-D1703663C5A8}.Debug|iPhoneSimulator.Build.0 = Debug|iPhoneSimulator
		{0E378DA4-ABA8-48DA-A476-D1703663C5A8}.Release|iPhoneSimulator.ActiveCfg = Release|iPhoneSimulator
		{0E378DA4-ABA8-48DA-A476-D1703663C5A8}.Release|iPhoneSimulator.Build.0 = Release|iPhoneSimulator
		{0E378DA4-ABA8-48DA-A476-D1703663C5A8}.Debug|iPhone.ActiveCfg = Debug|iPhone
		{0E378DA4-ABA8-48DA-A476-D1703663C5A8}.Debug|iPhone.Build.0 = Debug|iPhone
		{0E378DA4-ABA8-48DA-A476-D1703663C5A8}.Release|iPhone.ActiveCfg = Release|iPhone
		{0E378DA4-ABA8-48DA-A476-D1703663C5A8}.Release|iPhone.Build.0 = Release|iPhone
		{4AC6309D-7F88-406B-8C1B-E77F20C9FDA3}.Debug|Any CPU.ActiveCfg = Debug|Any CPU
		{4AC6309D-7F88-406B-8C1B-E77F20C9FDA3}.Debug|Any CPU.Build.0 = Debug|Any CPU
		{4AC6309D-7F88-406B-8C1B-E77F20C9FDA3}.Release|Any CPU.ActiveCfg = Release|Any CPU
		{4AC6309D-7F88-406B-8C1B-E77F20C9FDA3}.Release|Any CPU.Build.0 = Release|Any CPU
		{4AC6309D-7F88-406B-8C1B-E77F20C9FDA3}.Debug|iPhoneSimulator.ActiveCfg = Debug|Any CPU
		{4AC6309D-7F88-406B-8C1B-E77F20C9FDA3}.Debug|iPhoneSimulator.Build.0 = Debug|Any CPU
		{4AC6309D-7F88-406B-8C1B-E77F20C9FDA3}.Release|iPhoneSimulator.ActiveCfg = Release|Any CPU
		{4AC6309D-7F88-406B-8C1B-E77F20C9FDA3}.Release|iPhoneSimulator.Build.0 = Release|Any CPU
		{4AC6309D-7F88-406B-8C1B-E77F20C9FDA3}.Debug|iPhone.ActiveCfg = Debug|Any CPU
		{4AC6309D-7F88-406B-8C1B-E77F20C9FDA3}.Debug|iPhone.Build.0 = Debug|Any CPU
		{4AC6309D-7F88-406B-8C1B-E77F20C9FDA3}.Release|iPhone.ActiveCfg = Release|Any CPU
		{4AC6309D-7F88-406B-8C1B-E77F20C9FDA3}.Release|iPhone.Build.0 = Release|Any CPU
	EndGlobalSection
	GlobalSection(MonoDevelopProperties) = preSolution
		Policies = $0
		$0.DotNetNamingPolicy = $1
	EndGlobalSection
EndGlobal
